{
  "name": "aether-cms",
  "version": "1.2.0",
  "lockfileVersion": 2,
  "requires": true,
  "packages": {
    "": {
      "name": "aether-cms",
      "version": "1.2.0",
      "license": "GPL-3.0-or-later",
      "dependencies": {
        "adm-zip": "^0.5.16",
        "argon2": "^0.28.5",
        "litenode": "^4.6.0",
        "marked": "^15.0.11"
      },
      "engines": {
        "node": "16"
      }
    },
    "node_modules/@phc/format": {
      "version": "1.0.0",
      "resolved": "https://registry.npmjs.org/@phc/format/-/format-1.0.0.tgz",
      "integrity": "sha512-m7X9U6BG2+J+R1lSOdCiITLLrxm+cWlNI3HUFA92oLO77ObGNzaKdh8pMLqdZcshtkKuV84olNNXDfMc4FezBQ==",
      "engines": {
        "node": ">=10"
      }
    },
    "node_modules/adm-zip": {
      "version": "0.5.16",
      "resolved": "https://registry.npmjs.org/adm-zip/-/adm-zip-0.5.16.tgz",
      "integrity": "sha512-TGw5yVi4saajsSEgz25grObGHEUaDrniwvA2qwSC060KfqGPdglhvPMA2lPIoxs3PQIItj2iag35fONcQqgUaQ==",
      "engines": {
        "node": ">=12.0"
      }
    },
    "node_modules/argon2": {
      "version": "0.28.5",
      "resolved": "https://registry.npmjs.org/argon2/-/argon2-0.28.5.tgz",
      "integrity": "sha512-u/HKLcbWShVDhkfwI4hWyiUf3qyX8QhTfaIv2cWE18uqhXCmR5hb6Ed7oqYi2KCQegeAnRhiFzbjzm7i5yl1GA==",
      "hasInstallScript": true,
      "dependencies": {
        "@phc/format": "^1.0.0",
        "node-addon-api": "^8.3.1",
        "node-gyp-build": "^4.8.4"
      },
      "engines": {
        "node": "16"
      }
    },
    "node_modules/litenode": {
      "version": "4.6.0",
      "resolved": "https://registry.npmjs.org/litenode/-/litenode-4.6.0.tgz",
      "integrity": "sha512-zq6S+ZPXXuIm1bWjU+2aRfGRElh2TwHEV6EDS+ERaDlZVI0HOUitDSEm6aUEh2wV4qjNKgYgMHvEn6QgeDSXxA=="
    },
    "node_modules/marked": {
      "version": "15.0.12",
      "resolved": "https://registry.npmjs.org/marked/-/marked-15.0.12.tgz",
      "integrity": "sha512-8dD6FusOQSrpv9Z1rdNMdlSgQOIP880DHqnohobOmYLElGEqAL/JvxvuxZO16r4HtjTlfPRDC1hbvxC9dPN2nA==",
      "bin": {
        "marked": "bin/marked.js"
      },
      "engines": {
        "node": "16"
      }
    },
    "node_modules/node-addon-api": {
      "version": "8.3.1",
      "resolved": "https://registry.npmjs.org/node-addon-api/-/node-addon-api-8.3.1.tgz",
      "integrity": "sha512-lytcDEdxKjGJPTLEfW4mYMigRezMlyJY8W4wxJK8zE533Jlb8L8dRuObJFWg2P+AuOIxoCgKF+2Oq4d4Zd0OUA==",
      "engines": {
        "node": "^14 || ^15 || 16"
      }
    },
    "node_modules/node-gyp-build": {
      "version": "4.8.4",
      "resolved": "https://registry.npmjs.org/node-gyp-build/-/node-gyp-build-4.8.4.tgz",
      "integrity": "sha512-LA4ZjwlnUblHVgq0oBF3Jl/6h/Nvs5fzBLwdEF4nuxnFdsfajde4WfxtJr3CaiH+F6ewcIB/q4jQ4UzPyid+CQ==",
      "bin": {
        "node-gyp-build": "bin.js",
        "node-gyp-build-optional": "optional.js",
        "node-gyp-build-test": "build-test.js"
      }
    }
  },
  "dependencies": {
    "@phc/format": {
      "version": "1.0.0",
      "resolved": "https://registry.npmjs.org/@phc/format/-/format-1.0.0.tgz",
      "integrity": "sha512-m7X9U6BG2+J+R1lSOdCiITLLrxm+cWlNI3HUFA92oLO77ObGNzaKdh8pMLqdZcshtkKuV84olNNXDfMc4FezBQ=="
    },
    "adm-zip": {
      "version": "0.5.16",
      "resolved": "https://registry.npmjs.org/adm-zip/-/adm-zip-0.5.16.tgz",
      "integrity": "sha512-TGw5yVi4saajsSEgz25grObGHEUaDrniwvA2qwSC060KfqGPdglhvPMA2lPIoxs3PQIItj2iag35fONcQqgUaQ=="
    },
    "argon2": {
      "version": "0.28.5",
      "resolved": "https://registry.npmjs.org/argon2/-/argon2-0.28.5.tgz",
      "integrity": "sha512-u/HKLcbWShVDhkfwI4hWyiUf3qyX8QhTfaIv2cWE18uqhXCmR5hb6Ed7oqYi2KCQegeAnRhiFzbjzm7i5yl1GA==",
      "requires": {
        "@phc/format": "^1.0.0",
        "node-addon-api": "^8.3.1",
        "node-gyp-build": "^4.8.4"
      }
    },
    "litenode": {
      "version": "4.6.0",
      "resolved": "https://registry.npmjs.org/litenode/-/litenode-4.6.0.tgz",
      "integrity": "sha512-zq6S+ZPXXuIm1bWjU+2aRfGRElh2TwHEV6EDS+ERaDlZVI0HOUitDSEm6aUEh2wV4qjNKgYgMHvEn6QgeDSXxA=="
    },
    "marked": {
      "version": "15.0.12",
      "resolved": "https://registry.npmjs.org/marked/-/marked-15.0.12.tgz",
      "integrity": "sha512-8dD6FusOQSrpv9Z1rdNMdlSgQOIP880DHqnohobOmYLElGEqAL/JvxvuxZO16r4HtjTlfPRDC1hbvxC9dPN2nA=="
    },
    "node-addon-api": {
      "version": "8.3.1",
      "resolved": "https://registry.npmjs.org/node-addon-api/-/node-addon-api-8.3.1.tgz",
      "integrity": "sha512-lytcDEdxKjGJPTLEfW4mYMigRezMlyJY8W4wxJK8zE533Jlb8L8dRuObJFWg2P+AuOIxoCgKF+2Oq4d4Zd0OUA=="
    },
    "node-gyp-build": {
      "version": "4.8.4",
      "resolved": "https://registry.npmjs.org/node-gyp-build/-/node-gyp-build-4.8.4.tgz",
      "integrity": "sha512-LA4ZjwlnUblHVgq0oBF3Jl/6h/Nvs5fzBLwdEF4nuxnFdsfajde4WfxtJr3CaiH+F6ewcIB/q4jQ4UzPyid+CQ=="
    }
  }
}
